
Microsoft Visual Studio Solution File, Format Version 12.00
# Visual Studio 15
VisualStudioVersion = 15.0.27004.2008
MinimumVisualStudioVersion = 10.0.40219.1
Project("{D954291E-2A0B-460D-934E-DC6B0785DB48}") = "social_tapX", "social-tapX\social_tapX\social_tapX.shproj", "{04E4C100-C071-4D78-85C3-F5EB817AC854}"
EndProject
Project("{FAE04EC0-301F-11D3-BF4B-00C04F79EFBC}") = "social_tapX.Android", "social-tapX\social_tapX.Android\social_tapX.Android.csproj", "{F82F9C9E-848A-4BD7-9502-AEF75DB52392}"
EndProject
Project("{FAE04EC0-301F-11D3-BF4B-00C04F79EFBC}") = "SocialTapServer", "SocialTapServer\SocialTapServer.csproj", "{13CAD83B-1BAE-4BCB-84C8-D852533AD599}"
EndProject
Project("{FAE04EC0-301F-11D3-BF4B-00C04F79EFBC}") = "SocialTapServer.Tests", "SocialTapServer.Tests\SocialTapServer.Tests.csproj", "{1A7F73FB-FBE2-4ECB-827F-994927063F6C}"
EndProject
Project("{FAE04EC0-301F-11D3-BF4B-00C04F79EFBC}") = "social_tapX.Test", "UnitTest.Test\social_tapX.Test.csproj", "{1924C303-53BC-47CE-BF82-60B968220A2E}"
EndProject
Global
	GlobalSection(SharedMSBuildProjectFiles) = preSolution
		social-tapX\social_tapX\social_tapX.projitems*{04e4c100-c071-4d78-85c3-f5eb817ac854}*SharedItemsImports = 13
		social-tapX\social_tapX\social_tapX.projitems*{f82f9c9e-848a-4bd7-9502-aef75db52392}*SharedItemsImports = 4
	EndGlobalSection
	GlobalSection(SolutionConfigurationPlatforms) = preSolution
		Ad-Hoc|Any CPU = Ad-Hoc|Any CPU
		Ad-Hoc|ARM = Ad-Hoc|ARM
		Ad-Hoc|iPhone = Ad-Hoc|iPhone
		Ad-Hoc|iPhoneSimulator = Ad-Hoc|iPhoneSimulator
		Ad-Hoc|x64 = Ad-Hoc|x64
		Ad-Hoc|x86 = Ad-Hoc|x86
		AppStore|Any CPU = AppStore|Any CPU
		AppStore|ARM = AppStore|ARM
		AppStore|iPhone = AppStore|iPhone
		AppStore|iPhoneSimulator = AppStore|iPhoneSimulator
		AppStore|x64 = AppStore|x64
		AppStore|x86 = AppStore|x86
		Debug|Any CPU = Debug|Any CPU
		Debug|ARM = Debug|ARM
		Debug|iPhone = Debug|iPhone
		Debug|iPhoneSimulator = Debug|iPhoneSimulator
		Debug|x64 = Debug|x64
		Debug|x86 = Debug|x86
		Release|Any CPU = Release|Any CPU
		Release|ARM = Release|ARM
		Release|iPhone = Release|iPhone
		Release|iPhoneSimulator = Release|iPhoneSimulator
		Release|x64 = Release|x64
		Release|x86 = Release|x86
	EndGlobalSection
	GlobalSection(ProjectConfigurationPlatforms) = postSolution
		{F82F9C9E-848A-4BD7-9502-AEF75DB52392}.Ad-Hoc|Any CPU.ActiveCfg = Release|Any CPU
		{F82F9C9E-848A-4BD7-9502-AEF75DB52392}.Ad-Hoc|Any CPU.Build.0 = Release|Any CPU
		{F82F9C9E-848A-4BD7-9502-AEF75DB52392}.Ad-Hoc|Any CPU.Deploy.0 = Release|Any CPU
		{F82F9C9E-848A-4BD7-9502-AEF75DB52392}.Ad-Hoc|ARM.ActiveCfg = Release|Any CPU
		{F82F9C9E-848A-4BD7-9502-AEF75DB52392}.Ad-Hoc|ARM.Build.0 = Release|Any CPU
		{F82F9C9E-848A-4BD7-9502-AEF75DB52392}.Ad-Hoc|ARM.Deploy.0 = Release|Any CPU
		{F82F9C9E-848A-4BD7-9502-AEF75DB52392}.Ad-Hoc|iPhone.ActiveCfg = Release|Any CPU
		{F82F9C9E-848A-4BD7-9502-AEF75DB52392}.Ad-Hoc|iPhone.Build.0 = Release|Any CPU
		{F82F9C9E-848A-4BD7-9502-AEF75DB52392}.Ad-Hoc|iPhone.Deploy.0 = Release|Any CPU
		{F82F9C9E-848A-4BD7-9502-AEF75DB52392}.Ad-Hoc|iPhoneSimulator.ActiveCfg = Release|Any CPU
		{F82F9C9E-848A-4BD7-9502-AEF75DB52392}.Ad-Hoc|iPhoneSimulator.Build.0 = Release|Any CPU
		{F82F9C9E-848A-4BD7-9502-AEF75DB52392}.Ad-Hoc|iPhoneSimulator.Deploy.0 = Release|Any CPU
		{F82F9C9E-848A-4BD7-9502-AEF75DB52392}.Ad-Hoc|x64.ActiveCfg = Release|Any CPU
		{F82F9C9E-848A-4BD7-9502-AEF75DB52392}.Ad-Hoc|x64.Build.0 = Release|Any CPU
		{F82F9C9E-848A-4BD7-9502-AEF75DB52392}.Ad-Hoc|x64.Deploy.0 = Release|Any CPU
		{F82F9C9E-848A-4BD7-9502-AEF75DB52392}.Ad-Hoc|x86.ActiveCfg = Release|Any CPU
		{F82F9C9E-848A-4BD7-9502-AEF75DB52392}.Ad-Hoc|x86.Build.0 = Release|Any CPU
		{F82F9C9E-848A-4BD7-9502-AEF75DB52392}.Ad-Hoc|x86.Deploy.0 = Release|Any CPU
		{F82F9C9E-848A-4BD7-9502-AEF75DB52392}.AppStore|Any CPU.ActiveCfg = Release|Any CPU
		{F82F9C9E-848A-4BD7-9502-AEF75DB52392}.AppStore|Any CPU.Build.0 = Release|Any CPU
		{F82F9C9E-848A-4BD7-9502-AEF75DB52392}.AppStore|Any CPU.Deploy.0 = Release|Any CPU
		{F82F9C9E-848A-4BD7-9502-AEF75DB52392}.AppStore|ARM.ActiveCfg = Release|Any CPU
		{F82F9C9E-848A-4BD7-9502-AEF75DB52392}.AppStore|ARM.Build.0 = Release|Any CPU
		{F82F9C9E-848A-4BD7-9502-AEF75DB52392}.AppStore|ARM.Deploy.0 = Release|Any CPU
		{F82F9C9E-848A-4BD7-9502-AEF75DB52392}.AppStore|iPhone.ActiveCfg = Release|Any CPU
		{F82F9C9E-848A-4BD7-9502-AEF75DB52392}.AppStore|iPhone.Build.0 = Release|Any CPU
		{F82F9C9E-848A-4BD7-9502-AEF75DB52392}.AppStore|iPhone.Deploy.0 = Release|Any CPU
		{F82F9C9E-848A-4BD7-9502-AEF75DB52392}.AppStore|iPhoneSimulator.ActiveCfg = Release|Any CPU
		{F82F9C9E-848A-4BD7-9502-AEF75DB52392}.AppStore|iPhoneSimulator.Build.0 = Release|Any CPU
		{F82F9C9E-848A-4BD7-9502-AEF75DB52392}.AppStore|iPhoneSimulator.Deploy.0 = Release|Any CPU
		{F82F9C9E-848A-4BD7-9502-AEF75DB52392}.AppStore|x64.ActiveCfg = Release|Any CPU
		{F82F9C9E-848A-4BD7-9502-AEF75DB52392}.AppStore|x64.Build.0 = Release|Any CPU
		{F82F9C9E-848A-4BD7-9502-AEF75DB52392}.AppStore|x64.Deploy.0 = Release|Any CPU
		{F82F9C9E-848A-4BD7-9502-AEF75DB52392}.AppStore|x86.ActiveCfg = Release|Any CPU
		{F82F9C9E-848A-4BD7-9502-AEF75DB52392}.AppStore|x86.Build.0 = Release|Any CPU
		{F82F9C9E-848A-4BD7-9502-AEF75DB52392}.AppStore|x86.Deploy.0 = Release|Any CPU
		{F82F9C9E-848A-4BD7-9502-AEF75DB52392}.Debug|Any CPU.ActiveCfg = Debug|Any CPU
		{F82F9C9E-848A-4BD7-9502-AEF75DB52392}.Debug|Any CPU.Build.0 = Debug|Any CPU
		{F82F9C9E-848A-4BD7-9502-AEF75DB52392}.Debug|Any CPU.Deploy.0 = Debug|Any CPU
		{F82F9C9E-848A-4BD7-9502-AEF75DB52392}.Debug|ARM.ActiveCfg = Debug|Any CPU
		{F82F9C9E-848A-4BD7-9502-AEF75DB52392}.Debug|ARM.Build.0 = Debug|Any CPU
		{F82F9C9E-848A-4BD7-9502-AEF75DB52392}.Debug|ARM.Deploy.0 = Debug|Any CPU
		{F82F9C9E-848A-4BD7-9502-AEF75DB52392}.Debug|iPhone.ActiveCfg = Debug|Any CPU
		{F82F9C9E-848A-4BD7-9502-AEF75DB52392}.Debug|iPhone.Build.0 = Debug|Any CPU
		{F82F9C9E-848A-4BD7-9502-AEF75DB52392}.Debug|iPhone.Deploy.0 = Debug|Any CPU
		{F82F9C9E-848A-4BD7-9502-AEF75DB52392}.Debug|iPhoneSimulator.ActiveCfg = Debug|Any CPU
		{F82F9C9E-848A-4BD7-9502-AEF75DB52392}.Debug|iPhoneSimulator.Build.0 = Debug|Any CPU
		{F82F9C9E-848A-4BD7-9502-AEF75DB52392}.Debug|iPhoneSimulator.Deploy.0 = Debug|Any CPU
		{F82F9C9E-848A-4BD7-9502-AEF75DB52392}.Debug|x64.ActiveCfg = Debug|Any CPU
		{F82F9C9E-848A-4BD7-9502-AEF75DB52392}.Debug|x64.Build.0 = Debug|Any CPU
		{F82F9C9E-848A-4BD7-9502-AEF75DB52392}.Debug|x64.Deploy.0 = Debug|Any CPU
		{F82F9C9E-848A-4BD7-9502-AEF75DB52392}.Debug|x86.ActiveCfg = Debug|Any CPU
		{F82F9C9E-848A-4BD7-9502-AEF75DB52392}.Debug|x86.Build.0 = Debug|Any CPU
		{F82F9C9E-848A-4BD7-9502-AEF75DB52392}.Debug|x86.Deploy.0 = Debug|Any CPU
		{F82F9C9E-848A-4BD7-9502-AEF75DB52392}.Release|Any CPU.ActiveCfg = Release|Any CPU
		{F82F9C9E-848A-4BD7-9502-AEF75DB52392}.Release|Any CPU.Build.0 = Release|Any CPU
		{F82F9C9E-848A-4BD7-9502-AEF75DB52392}.Release|Any CPU.Deploy.0 = Release|Any CPU
		{F82F9C9E-848A-4BD7-9502-AEF75DB52392}.Release|ARM.ActiveCfg = Release|Any CPU
		{F82F9C9E-848A-4BD7-9502-AEF75DB52392}.Release|ARM.Build.0 = Release|Any CPU
		{F82F9C9E-848A-4BD7-9502-AEF75DB52392}.Release|ARM.Deploy.0 = Release|Any CPU
		{F82F9C9E-848A-4BD7-9502-AEF75DB52392}.Release|iPhone.ActiveCfg = Release|Any CPU
		{F82F9C9E-848A-4BD7-9502-AEF75DB52392}.Release|iPhone.Build.0 = Release|Any CPU
		{F82F9C9E-848A-4BD7-9502-AEF75DB52392}.Release|iPhone.Deploy.0 = Release|Any CPU
		{F82F9C9E-848A-4BD7-9502-AEF75DB52392}.Release|iPhoneSimulator.ActiveCfg = Release|Any CPU
		{F82F9C9E-848A-4BD7-9502-AEF75DB52392}.Release|iPhoneSimulator.Build.0 = Release|Any CPU
		{F82F9C9E-848A-4BD7-9502-AEF75DB52392}.Release|iPhoneSimulator.Deploy.0 = Release|Any CPU
		{F82F9C9E-848A-4BD7-9502-AEF75DB52392}.Release|x64.ActiveCfg = Release|Any CPU
		{F82F9C9E-848A-4BD7-9502-AEF75DB52392}.Release|x64.Build.0 = Release|Any CPU
		{F82F9C9E-848A-4BD7-9502-AEF75DB52392}.Release|x64.Deploy.0 = Release|Any CPU
		{F82F9C9E-848A-4BD7-9502-AEF75DB52392}.Release|x86.ActiveCfg = Release|Any CPU
		{F82F9C9E-848A-4BD7-9502-AEF75DB52392}.Release|x86.Build.0 = Release|Any CPU
		{F82F9C9E-848A-4BD7-9502-AEF75DB52392}.Release|x86.Deploy.0 = Release|Any CPU
		{13CAD83B-1BAE-4BCB-84C8-D852533AD599}.Ad-Hoc|Any CPU.ActiveCfg = Release|Any CPU
		{13CAD83B-1BAE-4BCB-84C8-D852533AD599}.Ad-Hoc|Any CPU.Build.0 = Release|Any CPU
		{13CAD83B-1BAE-4BCB-84C8-D852533AD599}.Ad-Hoc|ARM.ActiveCfg = Release|Any CPU
		{13CAD83B-1BAE-4BCB-84C8-D852533AD599}.Ad-Hoc|ARM.Build.0 = Release|Any CPU
		{13CAD83B-1BAE-4BCB-84C8-D852533AD599}.Ad-Hoc|iPhone.ActiveCfg = Release|Any CPU
		{13CAD83B-1BAE-4BCB-84C8-D852533AD599}.Ad-Hoc|iPhone.Build.0 = Release|Any CPU
		{13CAD83B-1BAE-4BCB-84C8-D852533AD599}.Ad-Hoc|iPhoneSimulator.ActiveCfg = Release|Any CPU
		{13CAD83B-1BAE-4BCB-84C8-D852533AD599}.Ad-Hoc|iPhoneSimulator.Build.0 = Release|Any CPU
		{13CAD83B-1BAE-4BCB-84C8-D852533AD599}.Ad-Hoc|x64.ActiveCfg = Release|Any CPU
		{13CAD83B-1BAE-4BCB-84C8-D852533AD599}.Ad-Hoc|x64.Build.0 = Release|Any CPU
		{13CAD83B-1BAE-4BCB-84C8-D852533AD599}.Ad-Hoc|x86.ActiveCfg = Release|Any CPU
		{13CAD83B-1BAE-4BCB-84C8-D852533AD599}.Ad-Hoc|x86.Build.0 = Release|Any CPU
		{13CAD83B-1BAE-4BCB-84C8-D852533AD599}.AppStore|Any CPU.ActiveCfg = Release|Any CPU
		{13CAD83B-1BAE-4BCB-84C8-D852533AD599}.AppStore|Any CPU.Build.0 = Release|Any CPU
		{13CAD83B-1BAE-4BCB-84C8-D852533AD599}.AppStore|ARM.ActiveCfg = Release|Any CPU
		{13CAD83B-1BAE-4BCB-84C8-D852533AD599}.AppStore|ARM.Build.0 = Release|Any CPU
		{13CAD83B-1BAE-4BCB-84C8-D852533AD599}.AppStore|iPhone.ActiveCfg = Release|Any CPU
		{13CAD83B-1BAE-4BCB-84C8-D852533AD599}.AppStore|iPhone.Build.0 = Release|Any CPU
		{13CAD83B-1BAE-4BCB-84C8-D852533AD599}.AppStore|iPhoneSimulator.ActiveCfg = Release|Any CPU
		{13CAD83B-1BAE-4BCB-84C8-D852533AD599}.AppStore|iPhoneSimulator.Build.0 = Release|Any CPU
		{13CAD83B-1BAE-4BCB-84C8-D852533AD599}.AppStore|x64.ActiveCfg = Release|Any CPU
		{13CAD83B-1BAE-4BCB-84C8-D852533AD599}.AppStore|x64.Build.0 = Release|Any CPU
		{13CAD83B-1BAE-4BCB-84C8-D852533AD599}.AppStore|x86.ActiveCfg = Release|Any CPU
		{13CAD83B-1BAE-4BCB-84C8-D852533AD599}.AppStore|x86.Build.0 = Release|Any CPU
		{13CAD83B-1BAE-4BCB-84C8-D852533AD599}.Debug|Any CPU.ActiveCfg = Debug|Any CPU
		{13CAD83B-1BAE-4BCB-84C8-D852533AD599}.Debug|Any CPU.Build.0 = Debug|Any CPU
		{13CAD83B-1BAE-4BCB-84C8-D852533AD599}.Debug|ARM.ActiveCfg = Debug|Any CPU
		{13CAD83B-1BAE-4BCB-84C8-D852533AD599}.Debug|ARM.Build.0 = Debug|Any CPU
		{13CAD83B-1BAE-4BCB-84C8-D852533AD599}.Debug|iPhone.ActiveCfg = Debug|Any CPU
		{13CAD83B-1BAE-4BCB-84C8-D852533AD599}.Debug|iPhone.Build.0 = Debug|Any CPU
		{13CAD83B-1BAE-4BCB-84C8-D852533AD599}.Debug|iPhoneSimulator.ActiveCfg = Debug|Any CPU
		{13CAD83B-1BAE-4BCB-84C8-D852533AD599}.Debug|iPhoneSimulator.Build.0 = Debug|Any CPU
		{13CAD83B-1BAE-4BCB-84C8-D852533AD599}.Debug|x64.ActiveCfg = Debug|Any CPU
		{13CAD83B-1BAE-4BCB-84C8-D852533AD599}.Debug|x64.Build.0 = Debug|Any CPU
		{13CAD83B-1BAE-4BCB-84C8-D852533AD599}.Debug|x86.ActiveCfg = Debug|Any CPU
		{13CAD83B-1BAE-4BCB-84C8-D852533AD599}.Debug|x86.Build.0 = Debug|Any CPU
		{13CAD83B-1BAE-4BCB-84C8-D852533AD599}.Release|Any CPU.ActiveCfg = Release|Any CPU
		{13CAD83B-1BAE-4BCB-84C8-D852533AD599}.Release|Any CPU.Build.0 = Release|Any CPU
		{13CAD83B-1BAE-4BCB-84C8-D852533AD599}.Release|ARM.ActiveCfg = Release|Any CPU
		{13CAD83B-1BAE-4BCB-84C8-D852533AD599}.Release|ARM.Build.0 = Release|Any CPU
		{13CAD83B-1BAE-4BCB-84C8-D852533AD599}.Release|iPhone.ActiveCfg = Release|Any CPU
		{13CAD83B-1BAE-4BCB-84C8-D852533AD599}.Release|iPhone.Build.0 = Release|Any CPU
		{13CAD83B-1BAE-4BCB-84C8-D852533AD599}.Release|iPhoneSimulator.ActiveCfg = Release|Any CPU
		{13CAD83B-1BAE-4BCB-84C8-D852533AD599}.Release|iPhoneSimulator.Build.0 = Release|Any CPU
		{13CAD83B-1BAE-4BCB-84C8-D852533AD599}.Release|x64.ActiveCfg = Release|Any CPU
		{13CAD83B-1BAE-4BCB-84C8-D852533AD599}.Release|x64.Build.0 = Release|Any CPU
		{13CAD83B-1BAE-4BCB-84C8-D852533AD599}.Release|x86.ActiveCfg = Release|Any CPU
		{13CAD83B-1BAE-4BCB-84C8-D852533AD599}.Release|x86.Build.0 = Release|Any CPU
		{1A7F73FB-FBE2-4ECB-827F-994927063F6C}.Ad-Hoc|Any CPU.ActiveCfg = Release|Any CPU
		{1A7F73FB-FBE2-4ECB-827F-994927063F6C}.Ad-Hoc|Any CPU.Build.0 = Release|Any CPU
		{1A7F73FB-FBE2-4ECB-827F-994927063F6C}.Ad-Hoc|ARM.ActiveCfg = Release|Any CPU
		{1A7F73FB-FBE2-4ECB-827F-994927063F6C}.Ad-Hoc|ARM.Build.0 = Release|Any CPU
		{1A7F73FB-FBE2-4ECB-827F-994927063F6C}.Ad-Hoc|iPhone.ActiveCfg = Release|Any CPU
		{1A7F73FB-FBE2-4ECB-827F-994927063F6C}.Ad-Hoc|iPhone.Build.0 = Release|Any CPU
		{1A7F73FB-FBE2-4ECB-827F-994927063F6C}.Ad-Hoc|iPhoneSimulator.ActiveCfg = Release|Any CPU
		{1A7F73FB-FBE2-4ECB-827F-994927063F6C}.Ad-Hoc|iPhoneSimulator.Build.0 = Release|Any CPU
		{1A7F73FB-FBE2-4ECB-827F-994927063F6C}.Ad-Hoc|x64.ActiveCfg = Release|Any CPU
		{1A7F73FB-FBE2-4ECB-827F-994927063F6C}.Ad-Hoc|x64.Build.0 = Release|Any CPU
		{1A7F73FB-FBE2-4ECB-827F-994927063F6C}.Ad-Hoc|x86.ActiveCfg = Release|Any CPU
		{1A7F73FB-FBE2-4ECB-827F-994927063F6C}.Ad-Hoc|x86.Build.0 = Release|Any CPU
		{1A7F73FB-FBE2-4ECB-827F-994927063F6C}.AppStore|Any CPU.ActiveCfg = Release|Any CPU
		{1A7F73FB-FBE2-4ECB-827F-994927063F6C}.AppStore|Any CPU.Build.0 = Release|Any CPU
		{1A7F73FB-FBE2-4ECB-827F-994927063F6C}.AppStore|ARM.ActiveCfg = Release|Any CPU
		{1A7F73FB-FBE2-4ECB-827F-994927063F6C}.AppStore|ARM.Build.0 = Release|Any CPU
		{1A7F73FB-FBE2-4ECB-827F-994927063F6C}.AppStore|iPhone.ActiveCfg = Release|Any CPU
		{1A7F73FB-FBE2-4ECB-827F-994927063F6C}.AppStore|iPhone.Build.0 = Release|Any CPU
		{1A7F73FB-FBE2-4ECB-827F-994927063F6C}.AppStore|iPhoneSimulator.ActiveCfg = Release|Any CPU
		{1A7F73FB-FBE2-4ECB-827F-994927063F6C}.AppStore|iPhoneSimulator.Build.0 = Release|Any CPU
		{1A7F73FB-FBE2-4ECB-827F-994927063F6C}.AppStore|x64.ActiveCfg = Release|Any CPU
		{1A7F73FB-FBE2-4ECB-827F-994927063F6C}.AppStore|x64.Build.0 = Release|Any CPU
		{1A7F73FB-FBE2-4ECB-827F-994927063F6C}.AppStore|x86.ActiveCfg = Release|Any CPU
		{1A7F73FB-FBE2-4ECB-827F-994927063F6C}.AppStore|x86.Build.0 = Release|Any CPU
		{1A7F73FB-FBE2-4ECB-827F-994927063F6C}.Debug|Any CPU.ActiveCfg = Debug|Any CPU
		{1A7F73FB-FBE2-4ECB-827F-994927063F6C}.Debug|Any CPU.Build.0 = Debug|Any CPU
		{1A7F73FB-FBE2-4ECB-827F-994927063F6C}.Debug|ARM.ActiveCfg = Debug|Any CPU
		{1A7F73FB-FBE2-4ECB-827F-994927063F6C}.Debug|ARM.Build.0 = Debug|Any CPU
		{1A7F73FB-FBE2-4ECB-827F-994927063F6C}.Debug|iPhone.ActiveCfg = Debug|Any CPU
		{1A7F73FB-FBE2-4ECB-827F-994927063F6C}.Debug|iPhone.Build.0 = Debug|Any CPU
		{1A7F73FB-FBE2-4ECB-827F-994927063F6C}.Debug|iPhoneSimulator.ActiveCfg = Debug|Any CPU
		{1A7F73FB-FBE2-4ECB-827F-994927063F6C}.Debug|iPhoneSimulator.Build.0 = Debug|Any CPU
		{1A7F73FB-FBE2-4ECB-827F-994927063F6C}.Debug|x64.ActiveCfg = Debug|Any CPU
		{1A7F73FB-FBE2-4ECB-827F-994927063F6C}.Debug|x64.Build.0 = Debug|Any CPU
		{1A7F73FB-FBE2-4ECB-827F-994927063F6C}.Debug|x86.ActiveCfg = Debug|Any CPU
		{1A7F73FB-FBE2-4ECB-827F-994927063F6C}.Debug|x86.Build.0 = Debug|Any CPU
		{1A7F73FB-FBE2-4ECB-827F-994927063F6C}.Release|Any CPU.ActiveCfg = Release|Any CPU
		{1A7F73FB-FBE2-4ECB-827F-994927063F6C}.Release|Any CPU.Build.0 = Release|Any CPU
		{1A7F73FB-FBE2-4ECB-827F-994927063F6C}.Release|ARM.ActiveCfg = Release|Any CPU
		{1A7F73FB-FBE2-4ECB-827F-994927063F6C}.Release|ARM.Build.0 = Release|Any CPU
		{1A7F73FB-FBE2-4ECB-827F-994927063F6C}.Release|iPhone.ActiveCfg = Release|Any CPU
		{1A7F73FB-FBE2-4ECB-827F-994927063F6C}.Release|iPhone.Build.0 = Release|Any CPU
		{1A7F73FB-FBE2-4ECB-827F-994927063F6C}.Release|iPhoneSimulator.ActiveCfg = Release|Any CPU
		{1A7F73FB-FBE2-4ECB-827F-994927063F6C}.Release|iPhoneSimulator.Build.0 = Release|Any CPU
		{1A7F73FB-FBE2-4ECB-827F-994927063F6C}.Release|x64.ActiveCfg = Release|Any CPU
		{1A7F73FB-FBE2-4ECB-827F-994927063F6C}.Release|x64.Build.0 = Release|Any CPU
		{1A7F73FB-FBE2-4ECB-827F-994927063F6C}.Release|x86.ActiveCfg = Release|Any CPU
		{1A7F73FB-FBE2-4ECB-827F-994927063F6C}.Release|x86.Build.0 = Release|Any CPU
		{1924C303-53BC-47CE-BF82-60B968220A2E}.Ad-Hoc|Any CPU.ActiveCfg = Release|Any CPU
		{1924C303-53BC-47CE-BF82-60B968220A2E}.Ad-Hoc|Any CPU.Build.0 = Release|Any CPU
		{1924C303-53BC-47CE-BF82-60B968220A2E}.Ad-Hoc|ARM.ActiveCfg = Release|Any CPU
		{1924C303-53BC-47CE-BF82-60B968220A2E}.Ad-Hoc|ARM.Build.0 = Release|Any CPU
		{1924C303-53BC-47CE-BF82-60B968220A2E}.Ad-Hoc|iPhone.ActiveCfg = Release|Any CPU
		{1924C303-53BC-47CE-BF82-60B968220A2E}.Ad-Hoc|iPhone.Build.0 = Release|Any CPU
		{1924C303-53BC-47CE-BF82-60B968220A2E}.Ad-Hoc|iPhoneSimulator.ActiveCfg = Release|Any CPU
		{1924C303-53BC-47CE-BF82-60B968220A2E}.Ad-Hoc|iPhoneSimulator.Build.0 = Release|Any CPU
		{1924C303-53BC-47CE-BF82-60B968220A2E}.Ad-Hoc|x64.ActiveCfg = Release|Any CPU
		{1924C303-53BC-47CE-BF82-60B968220A2E}.Ad-Hoc|x64.Build.0 = Release|Any CPU
		{1924C303-53BC-47CE-BF82-60B968220A2E}.Ad-Hoc|x86.ActiveCfg = Release|Any CPU
		{1924C303-53BC-47CE-BF82-60B968220A2E}.Ad-Hoc|x86.Build.0 = Release|Any CPU
		{1924C303-53BC-47CE-BF82-60B968220A2E}.AppStore|Any CPU.ActiveCfg = Release|Any CPU
		{1924C303-53BC-47CE-BF82-60B968220A2E}.AppStore|Any CPU.Build.0 = Release|Any CPU
		{1924C303-53BC-47CE-BF82-60B968220A2E}.AppStore|ARM.ActiveCfg = Release|Any CPU
		{1924C303-53BC-47CE-BF82-60B968220A2E}.AppStore|ARM.Build.0 = Release|Any CPU
		{1924C303-53BC-47CE-BF82-60B968220A2E}.AppStore|iPhone.ActiveCfg = Release|Any CPU
		{1924C303-53BC-47CE-BF82-60B968220A2E}.AppStore|iPhone.Build.0 = Release|Any CPU
		{1924C303-53BC-47CE-BF82-60B968220A2E}.AppStore|iPhoneSimulator.ActiveCfg = Release|Any CPU
		{1924C303-53BC-47CE-BF82-60B968220A2E}.AppStore|iPhoneSimulator.Build.0 = Release|Any CPU
		{1924C303-53BC-47CE-BF82-60B968220A2E}.AppStore|x64.ActiveCfg = Release|Any CPU
		{1924C303-53BC-47CE-BF82-60B968220A2E}.AppStore|x64.Build.0 = Release|Any CPU
		{1924C303-53BC-47CE-BF82-60B968220A2E}.AppStore|x86.ActiveCfg = Release|Any CPU
		{1924C303-53BC-47CE-BF82-60B968220A2E}.AppStore|x86.Build.0 = Release|Any CPU
		{1924C303-53BC-47CE-BF82-60B968220A2E}.Debug|Any CPU.ActiveCfg = Debug|Any CPU
		{1924C303-53BC-47CE-BF82-60B968220A2E}.Debug|Any CPU.Build.0 = Debug|Any CPU
		{1924C303-53BC-47CE-BF82-60B968220A2E}.Debug|ARM.ActiveCfg = Debug|Any CPU
		{1924C303-53BC-47CE-BF82-60B968220A2E}.Debug|ARM.Build.0 = Debug|Any CPU
		{1924C303-53BC-47CE-BF82-60B968220A2E}.Debug|iPhone.ActiveCfg = Debug|Any CPU
		{1924C303-53BC-47CE-BF82-60B968220A2E}.Debug|iPhone.Build.0 = Debug|Any CPU
		{1924C303-53BC-47CE-BF82-60B968220A2E}.Debug|iPhoneSimulator.ActiveCfg = Debug|Any CPU
		{1924C303-53BC-47CE-BF82-60B968220A2E}.Debug|iPhoneSimulator.Build.0 = Debug|Any CPU
		{1924C303-53BC-47CE-BF82-60B968220A2E}.Debug|x64.ActiveCfg = Debug|Any CPU
		{1924C303-53BC-47CE-BF82-60B968220A2E}.Debug|x64.Build.0 = Debug|Any CPU
		{1924C303-53BC-47CE-BF82-60B968220A2E}.Debug|x86.ActiveCfg = Debug|Any CPU
		{1924C303-53BC-47CE-BF82-60B968220A2E}.Debug|x86.Build.0 = Debug|Any CPU
		{1924C303-53BC-47CE-BF82-60B968220A2E}.Release|Any CPU.ActiveCfg = Release|Any CPU
		{1924C303-53BC-47CE-BF82-60B968220A2E}.Release|Any CPU.Build.0 = Release|Any CPU
		{1924C303-53BC-47CE-BF82-60B968220A2E}.Release|ARM.ActiveCfg = Release|Any CPU
		{1924C303-53BC-47CE-BF82-60B968220A2E}.Release|ARM.Build.0 = Release|Any CPU
		{1924C303-53BC-47CE-BF82-60B968220A2E}.Release|iPhone.ActiveCfg = Release|Any CPU
		{1924C303-53BC-47CE-BF82-60B968220A2E}.Release|iPhone.Build.0 = Release|Any CPU
		{1924C303-53BC-47CE-BF82-60B968220A2E}.Release|iPhoneSimulator.ActiveCfg = Release|Any CPU
		{1924C303-53BC-47CE-BF82-60B968220A2E}.Release|iPhoneSimulator.Build.0 = Release|Any CPU
		{1924C303-53BC-47CE-BF82-60B968220A2E}.Release|x64.ActiveCfg = Release|Any CPU
		{1924C303-53BC-47CE-BF82-60B968220A2E}.Release|x64.Build.0 = Release|Any CPU
		{1924C303-53BC-47CE-BF82-60B968220A2E}.Release|x86.ActiveCfg = Release|Any CPU
		{1924C303-53BC-47CE-BF82-60B968220A2E}.Release|x86.Build.0 = Release|Any CPU
	EndGlobalSection
	GlobalSection(SolutionProperties) = preSolution
		HideSolutionNode = FALSE
	EndGlobalSection
	GlobalSection(ExtensibilityGlobals) = postSolution
		SolutionGuid = {9C56F2F5-E6C3-4D9A-A452-B40C11BBF075}
	EndGlobalSection
EndGlobal
