
Microsoft Visual Studio Solution File, Format Version 12.00
# Visual Studio 15
VisualStudioVersion = 15.0.27004.2006
MinimumVisualStudioVersion = 10.0.40219.1
Project("{FAE04EC0-301F-11D3-BF4B-00C04F79EFBC}") = "social-tap", "MyProject\social-tap.csproj", "{4A595DCF-CBFE-42CD-9167-35DDA2504F68}"
EndProject
Project("{FAE04EC0-301F-11D3-BF4B-00C04F79EFBC}") = "UnitTestProject1", "UnitTestProject1\UnitTestProject1.csproj", "{CC15E052-273A-4527-A282-16424AFC603C}"
EndProject
Project("{D954291E-2A0B-460D-934E-DC6B0785DB48}") = "social_tap_mobile", "social-tap-mobile\social_tap_mobile\social_tap_mobile.shproj", "{D8FE3597-8D4F-44BA-8CF5-8D9058241B99}"
EndProject
Project("{FAE04EC0-301F-11D3-BF4B-00C04F79EFBC}") = "social_tap_mobile.Android", "social-tap-mobile\social_tap_mobile.Android\social_tap_mobile.Android.csproj", "{1F1FDC9F-114F-4432-AD8C-5C98164AA706}"
EndProject
Project("{FAE04EC0-301F-11D3-BF4B-00C04F79EFBC}") = "social_tap_mobile.iOS", "social-tap-mobile\social_tap_mobile.iOS\social_tap_mobile.iOS.csproj", "{C1586215-7419-4C33-8436-4FB330269BAF}"
EndProject
Global
	GlobalSection(SharedMSBuildProjectFiles) = preSolution
		social-tap-mobile\social_tap_mobile\social_tap_mobile.projitems*{1f1fdc9f-114f-4432-ad8c-5c98164aa706}*SharedItemsImports = 4
		social-tap-mobile\social_tap_mobile\social_tap_mobile.projitems*{c1586215-7419-4c33-8436-4fb330269baf}*SharedItemsImports = 4
		social-tap-mobile\social_tap_mobile\social_tap_mobile.projitems*{d8fe3597-8d4f-44ba-8cf5-8d9058241b99}*SharedItemsImports = 13
	EndGlobalSection
	GlobalSection(SolutionConfigurationPlatforms) = preSolution
		Ad-Hoc|Any CPU = Ad-Hoc|Any CPU
		Ad-Hoc|iPhone = Ad-Hoc|iPhone
		Ad-Hoc|iPhoneSimulator = Ad-Hoc|iPhoneSimulator
		Ad-Hoc|x64 = Ad-Hoc|x64
		AppStore|Any CPU = AppStore|Any CPU
		AppStore|iPhone = AppStore|iPhone
		AppStore|iPhoneSimulator = AppStore|iPhoneSimulator
		AppStore|x64 = AppStore|x64
		Debug|Any CPU = Debug|Any CPU
		Debug|iPhone = Debug|iPhone
		Debug|iPhoneSimulator = Debug|iPhoneSimulator
		Debug|x64 = Debug|x64
		Release|Any CPU = Release|Any CPU
		Release|iPhone = Release|iPhone
		Release|iPhoneSimulator = Release|iPhoneSimulator
		Release|x64 = Release|x64
	EndGlobalSection
	GlobalSection(ProjectConfigurationPlatforms) = postSolution
		{4A595DCF-CBFE-42CD-9167-35DDA2504F68}.Ad-Hoc|Any CPU.ActiveCfg = Release|Any CPU
		{4A595DCF-CBFE-42CD-9167-35DDA2504F68}.Ad-Hoc|Any CPU.Build.0 = Release|Any CPU
		{4A595DCF-CBFE-42CD-9167-35DDA2504F68}.Ad-Hoc|iPhone.ActiveCfg = Release|Any CPU
		{4A595DCF-CBFE-42CD-9167-35DDA2504F68}.Ad-Hoc|iPhone.Build.0 = Release|Any CPU
		{4A595DCF-CBFE-42CD-9167-35DDA2504F68}.Ad-Hoc|iPhoneSimulator.ActiveCfg = Release|Any CPU
		{4A595DCF-CBFE-42CD-9167-35DDA2504F68}.Ad-Hoc|iPhoneSimulator.Build.0 = Release|Any CPU
		{4A595DCF-CBFE-42CD-9167-35DDA2504F68}.Ad-Hoc|x64.ActiveCfg = Release|x64
		{4A595DCF-CBFE-42CD-9167-35DDA2504F68}.Ad-Hoc|x64.Build.0 = Release|x64
		{4A595DCF-CBFE-42CD-9167-35DDA2504F68}.AppStore|Any CPU.ActiveCfg = Release|Any CPU
		{4A595DCF-CBFE-42CD-9167-35DDA2504F68}.AppStore|Any CPU.Build.0 = Release|Any CPU
		{4A595DCF-CBFE-42CD-9167-35DDA2504F68}.AppStore|iPhone.ActiveCfg = Release|Any CPU
		{4A595DCF-CBFE-42CD-9167-35DDA2504F68}.AppStore|iPhone.Build.0 = Release|Any CPU
		{4A595DCF-CBFE-42CD-9167-35DDA2504F68}.AppStore|iPhoneSimulator.ActiveCfg = Release|Any CPU
		{4A595DCF-CBFE-42CD-9167-35DDA2504F68}.AppStore|iPhoneSimulator.Build.0 = Release|Any CPU
		{4A595DCF-CBFE-42CD-9167-35DDA2504F68}.AppStore|x64.ActiveCfg = Release|x64
		{4A595DCF-CBFE-42CD-9167-35DDA2504F68}.AppStore|x64.Build.0 = Release|x64
		{4A595DCF-CBFE-42CD-9167-35DDA2504F68}.Debug|Any CPU.ActiveCfg = Debug|Any CPU
		{4A595DCF-CBFE-42CD-9167-35DDA2504F68}.Debug|Any CPU.Build.0 = Debug|Any CPU
		{4A595DCF-CBFE-42CD-9167-35DDA2504F68}.Debug|iPhone.ActiveCfg = Debug|Any CPU
		{4A595DCF-CBFE-42CD-9167-35DDA2504F68}.Debug|iPhone.Build.0 = Debug|Any CPU
		{4A595DCF-CBFE-42CD-9167-35DDA2504F68}.Debug|iPhoneSimulator.ActiveCfg = Debug|Any CPU
		{4A595DCF-CBFE-42CD-9167-35DDA2504F68}.Debug|iPhoneSimulator.Build.0 = Debug|Any CPU
		{4A595DCF-CBFE-42CD-9167-35DDA2504F68}.Debug|x64.ActiveCfg = Debug|x64
		{4A595DCF-CBFE-42CD-9167-35DDA2504F68}.Debug|x64.Build.0 = Debug|x64
		{4A595DCF-CBFE-42CD-9167-35DDA2504F68}.Release|Any CPU.ActiveCfg = Release|Any CPU
		{4A595DCF-CBFE-42CD-9167-35DDA2504F68}.Release|Any CPU.Build.0 = Release|Any CPU
		{4A595DCF-CBFE-42CD-9167-35DDA2504F68}.Release|iPhone.ActiveCfg = Release|Any CPU
		{4A595DCF-CBFE-42CD-9167-35DDA2504F68}.Release|iPhone.Build.0 = Release|Any CPU
		{4A595DCF-CBFE-42CD-9167-35DDA2504F68}.Release|iPhoneSimulator.ActiveCfg = Release|Any CPU
		{4A595DCF-CBFE-42CD-9167-35DDA2504F68}.Release|iPhoneSimulator.Build.0 = Release|Any CPU
		{4A595DCF-CBFE-42CD-9167-35DDA2504F68}.Release|x64.ActiveCfg = Release|x64
		{4A595DCF-CBFE-42CD-9167-35DDA2504F68}.Release|x64.Build.0 = Release|x64
		{CC15E052-273A-4527-A282-16424AFC603C}.Ad-Hoc|Any CPU.ActiveCfg = Release|Any CPU
		{CC15E052-273A-4527-A282-16424AFC603C}.Ad-Hoc|Any CPU.Build.0 = Release|Any CPU
		{CC15E052-273A-4527-A282-16424AFC603C}.Ad-Hoc|iPhone.ActiveCfg = Release|Any CPU
		{CC15E052-273A-4527-A282-16424AFC603C}.Ad-Hoc|iPhone.Build.0 = Release|Any CPU
		{CC15E052-273A-4527-A282-16424AFC603C}.Ad-Hoc|iPhoneSimulator.ActiveCfg = Release|Any CPU
		{CC15E052-273A-4527-A282-16424AFC603C}.Ad-Hoc|iPhoneSimulator.Build.0 = Release|Any CPU
		{CC15E052-273A-4527-A282-16424AFC603C}.Ad-Hoc|x64.ActiveCfg = Release|Any CPU
		{CC15E052-273A-4527-A282-16424AFC603C}.Ad-Hoc|x64.Build.0 = Release|Any CPU
		{CC15E052-273A-4527-A282-16424AFC603C}.AppStore|Any CPU.ActiveCfg = Release|Any CPU
		{CC15E052-273A-4527-A282-16424AFC603C}.AppStore|Any CPU.Build.0 = Release|Any CPU
		{CC15E052-273A-4527-A282-16424AFC603C}.AppStore|iPhone.ActiveCfg = Release|Any CPU
		{CC15E052-273A-4527-A282-16424AFC603C}.AppStore|iPhone.Build.0 = Release|Any CPU
		{CC15E052-273A-4527-A282-16424AFC603C}.AppStore|iPhoneSimulator.ActiveCfg = Release|Any CPU
		{CC15E052-273A-4527-A282-16424AFC603C}.AppStore|iPhoneSimulator.Build.0 = Release|Any CPU
		{CC15E052-273A-4527-A282-16424AFC603C}.AppStore|x64.ActiveCfg = Release|Any CPU
		{CC15E052-273A-4527-A282-16424AFC603C}.AppStore|x64.Build.0 = Release|Any CPU
		{CC15E052-273A-4527-A282-16424AFC603C}.Debug|Any CPU.ActiveCfg = Debug|Any CPU
		{CC15E052-273A-4527-A282-16424AFC603C}.Debug|Any CPU.Build.0 = Debug|Any CPU
		{CC15E052-273A-4527-A282-16424AFC603C}.Debug|iPhone.ActiveCfg = Debug|Any CPU
		{CC15E052-273A-4527-A282-16424AFC603C}.Debug|iPhone.Build.0 = Debug|Any CPU
		{CC15E052-273A-4527-A282-16424AFC603C}.Debug|iPhoneSimulator.ActiveCfg = Debug|Any CPU
		{CC15E052-273A-4527-A282-16424AFC603C}.Debug|iPhoneSimulator.Build.0 = Debug|Any CPU
		{CC15E052-273A-4527-A282-16424AFC603C}.Debug|x64.ActiveCfg = Debug|Any CPU
		{CC15E052-273A-4527-A282-16424AFC603C}.Debug|x64.Build.0 = Debug|Any CPU
		{CC15E052-273A-4527-A282-16424AFC603C}.Release|Any CPU.ActiveCfg = Release|Any CPU
		{CC15E052-273A-4527-A282-16424AFC603C}.Release|Any CPU.Build.0 = Release|Any CPU
		{CC15E052-273A-4527-A282-16424AFC603C}.Release|iPhone.ActiveCfg = Release|Any CPU
		{CC15E052-273A-4527-A282-16424AFC603C}.Release|iPhone.Build.0 = Release|Any CPU
		{CC15E052-273A-4527-A282-16424AFC603C}.Release|iPhoneSimulator.ActiveCfg = Release|Any CPU
		{CC15E052-273A-4527-A282-16424AFC603C}.Release|iPhoneSimulator.Build.0 = Release|Any CPU
		{CC15E052-273A-4527-A282-16424AFC603C}.Release|x64.ActiveCfg = Release|Any CPU
		{CC15E052-273A-4527-A282-16424AFC603C}.Release|x64.Build.0 = Release|Any CPU
		{1F1FDC9F-114F-4432-AD8C-5C98164AA706}.Ad-Hoc|Any CPU.ActiveCfg = Release|Any CPU
		{1F1FDC9F-114F-4432-AD8C-5C98164AA706}.Ad-Hoc|Any CPU.Build.0 = Release|Any CPU
		{1F1FDC9F-114F-4432-AD8C-5C98164AA706}.Ad-Hoc|Any CPU.Deploy.0 = Release|Any CPU
		{1F1FDC9F-114F-4432-AD8C-5C98164AA706}.Ad-Hoc|iPhone.ActiveCfg = Release|Any CPU
		{1F1FDC9F-114F-4432-AD8C-5C98164AA706}.Ad-Hoc|iPhone.Build.0 = Release|Any CPU
		{1F1FDC9F-114F-4432-AD8C-5C98164AA706}.Ad-Hoc|iPhone.Deploy.0 = Release|Any CPU
		{1F1FDC9F-114F-4432-AD8C-5C98164AA706}.Ad-Hoc|iPhoneSimulator.ActiveCfg = Release|Any CPU
		{1F1FDC9F-114F-4432-AD8C-5C98164AA706}.Ad-Hoc|iPhoneSimulator.Build.0 = Release|Any CPU
		{1F1FDC9F-114F-4432-AD8C-5C98164AA706}.Ad-Hoc|iPhoneSimulator.Deploy.0 = Release|Any CPU
		{1F1FDC9F-114F-4432-AD8C-5C98164AA706}.Ad-Hoc|x64.ActiveCfg = Release|Any CPU
		{1F1FDC9F-114F-4432-AD8C-5C98164AA706}.Ad-Hoc|x64.Build.0 = Release|Any CPU
		{1F1FDC9F-114F-4432-AD8C-5C98164AA706}.Ad-Hoc|x64.Deploy.0 = Release|Any CPU
		{1F1FDC9F-114F-4432-AD8C-5C98164AA706}.AppStore|Any CPU.ActiveCfg = Release|Any CPU
		{1F1FDC9F-114F-4432-AD8C-5C98164AA706}.AppStore|Any CPU.Build.0 = Release|Any CPU
		{1F1FDC9F-114F-4432-AD8C-5C98164AA706}.AppStore|Any CPU.Deploy.0 = Release|Any CPU
		{1F1FDC9F-114F-4432-AD8C-5C98164AA706}.AppStore|iPhone.ActiveCfg = Release|Any CPU
		{1F1FDC9F-114F-4432-AD8C-5C98164AA706}.AppStore|iPhone.Build.0 = Release|Any CPU
		{1F1FDC9F-114F-4432-AD8C-5C98164AA706}.AppStore|iPhone.Deploy.0 = Release|Any CPU
		{1F1FDC9F-114F-4432-AD8C-5C98164AA706}.AppStore|iPhoneSimulator.ActiveCfg = Release|Any CPU
		{1F1FDC9F-114F-4432-AD8C-5C98164AA706}.AppStore|iPhoneSimulator.Build.0 = Release|Any CPU
		{1F1FDC9F-114F-4432-AD8C-5C98164AA706}.AppStore|iPhoneSimulator.Deploy.0 = Release|Any CPU
		{1F1FDC9F-114F-4432-AD8C-5C98164AA706}.AppStore|x64.ActiveCfg = Release|Any CPU
		{1F1FDC9F-114F-4432-AD8C-5C98164AA706}.AppStore|x64.Build.0 = Release|Any CPU
		{1F1FDC9F-114F-4432-AD8C-5C98164AA706}.AppStore|x64.Deploy.0 = Release|Any CPU
		{1F1FDC9F-114F-4432-AD8C-5C98164AA706}.Debug|Any CPU.ActiveCfg = Debug|Any CPU
		{1F1FDC9F-114F-4432-AD8C-5C98164AA706}.Debug|Any CPU.Build.0 = Debug|Any CPU
		{1F1FDC9F-114F-4432-AD8C-5C98164AA706}.Debug|Any CPU.Deploy.0 = Debug|Any CPU
		{1F1FDC9F-114F-4432-AD8C-5C98164AA706}.Debug|iPhone.ActiveCfg = Debug|Any CPU
		{1F1FDC9F-114F-4432-AD8C-5C98164AA706}.Debug|iPhone.Build.0 = Debug|Any CPU
		{1F1FDC9F-114F-4432-AD8C-5C98164AA706}.Debug|iPhone.Deploy.0 = Debug|Any CPU
		{1F1FDC9F-114F-4432-AD8C-5C98164AA706}.Debug|iPhoneSimulator.ActiveCfg = Debug|Any CPU
		{1F1FDC9F-114F-4432-AD8C-5C98164AA706}.Debug|iPhoneSimulator.Build.0 = Debug|Any CPU
		{1F1FDC9F-114F-4432-AD8C-5C98164AA706}.Debug|iPhoneSimulator.Deploy.0 = Debug|Any CPU
		{1F1FDC9F-114F-4432-AD8C-5C98164AA706}.Debug|x64.ActiveCfg = Debug|Any CPU
		{1F1FDC9F-114F-4432-AD8C-5C98164AA706}.Debug|x64.Build.0 = Debug|Any CPU
		{1F1FDC9F-114F-4432-AD8C-5C98164AA706}.Debug|x64.Deploy.0 = Debug|Any CPU
		{1F1FDC9F-114F-4432-AD8C-5C98164AA706}.Release|Any CPU.ActiveCfg = Release|Any CPU
		{1F1FDC9F-114F-4432-AD8C-5C98164AA706}.Release|Any CPU.Build.0 = Release|Any CPU
		{1F1FDC9F-114F-4432-AD8C-5C98164AA706}.Release|Any CPU.Deploy.0 = Release|Any CPU
		{1F1FDC9F-114F-4432-AD8C-5C98164AA706}.Release|iPhone.ActiveCfg = Release|Any CPU
		{1F1FDC9F-114F-4432-AD8C-5C98164AA706}.Release|iPhone.Build.0 = Release|Any CPU
		{1F1FDC9F-114F-4432-AD8C-5C98164AA706}.Release|iPhone.Deploy.0 = Release|Any CPU
		{1F1FDC9F-114F-4432-AD8C-5C98164AA706}.Release|iPhoneSimulator.ActiveCfg = Release|Any CPU
		{1F1FDC9F-114F-4432-AD8C-5C98164AA706}.Release|iPhoneSimulator.Build.0 = Release|Any CPU
		{1F1FDC9F-114F-4432-AD8C-5C98164AA706}.Release|iPhoneSimulator.Deploy.0 = Release|Any CPU
		{1F1FDC9F-114F-4432-AD8C-5C98164AA706}.Release|x64.ActiveCfg = Release|Any CPU
		{1F1FDC9F-114F-4432-AD8C-5C98164AA706}.Release|x64.Build.0 = Release|Any CPU
		{1F1FDC9F-114F-4432-AD8C-5C98164AA706}.Release|x64.Deploy.0 = Release|Any CPU
		{C1586215-7419-4C33-8436-4FB330269BAF}.Ad-Hoc|Any CPU.ActiveCfg = Ad-Hoc|iPhoneSimulator
		{C1586215-7419-4C33-8436-4FB330269BAF}.Ad-Hoc|iPhone.ActiveCfg = Ad-Hoc|iPhone
		{C1586215-7419-4C33-8436-4FB330269BAF}.Ad-Hoc|iPhone.Build.0 = Ad-Hoc|iPhone
		{C1586215-7419-4C33-8436-4FB330269BAF}.Ad-Hoc|iPhoneSimulator.ActiveCfg = Ad-Hoc|iPhoneSimulator
		{C1586215-7419-4C33-8436-4FB330269BAF}.Ad-Hoc|iPhoneSimulator.Build.0 = Ad-Hoc|iPhoneSimulator
		{C1586215-7419-4C33-8436-4FB330269BAF}.Ad-Hoc|x64.ActiveCfg = Ad-Hoc|iPhone
		{C1586215-7419-4C33-8436-4FB330269BAF}.AppStore|Any CPU.ActiveCfg = AppStore|iPhoneSimulator
		{C1586215-7419-4C33-8436-4FB330269BAF}.AppStore|iPhone.ActiveCfg = AppStore|iPhone
		{C1586215-7419-4C33-8436-4FB330269BAF}.AppStore|iPhone.Build.0 = AppStore|iPhone
		{C1586215-7419-4C33-8436-4FB330269BAF}.AppStore|iPhoneSimulator.ActiveCfg = AppStore|iPhoneSimulator
		{C1586215-7419-4C33-8436-4FB330269BAF}.AppStore|iPhoneSimulator.Build.0 = AppStore|iPhoneSimulator
		{C1586215-7419-4C33-8436-4FB330269BAF}.AppStore|x64.ActiveCfg = AppStore|iPhone
		{C1586215-7419-4C33-8436-4FB330269BAF}.Debug|Any CPU.ActiveCfg = Debug|iPhoneSimulator
		{C1586215-7419-4C33-8436-4FB330269BAF}.Debug|iPhone.ActiveCfg = Debug|iPhone
		{C1586215-7419-4C33-8436-4FB330269BAF}.Debug|iPhone.Build.0 = Debug|iPhone
		{C1586215-7419-4C33-8436-4FB330269BAF}.Debug|iPhoneSimulator.ActiveCfg = Debug|iPhoneSimulator
		{C1586215-7419-4C33-8436-4FB330269BAF}.Debug|iPhoneSimulator.Build.0 = Debug|iPhoneSimulator
		{C1586215-7419-4C33-8436-4FB330269BAF}.Debug|x64.ActiveCfg = Debug|iPhone
		{C1586215-7419-4C33-8436-4FB330269BAF}.Release|Any CPU.ActiveCfg = Release|iPhoneSimulator
		{C1586215-7419-4C33-8436-4FB330269BAF}.Release|iPhone.ActiveCfg = Release|iPhone
		{C1586215-7419-4C33-8436-4FB330269BAF}.Release|iPhone.Build.0 = Release|iPhone
		{C1586215-7419-4C33-8436-4FB330269BAF}.Release|iPhoneSimulator.ActiveCfg = Release|iPhoneSimulator
		{C1586215-7419-4C33-8436-4FB330269BAF}.Release|iPhoneSimulator.Build.0 = Release|iPhoneSimulator
		{C1586215-7419-4C33-8436-4FB330269BAF}.Release|x64.ActiveCfg = Release|iPhone
	EndGlobalSection
	GlobalSection(SolutionProperties) = preSolution
		HideSolutionNode = FALSE
	EndGlobalSection
	GlobalSection(ExtensibilityGlobals) = postSolution
		SolutionGuid = {A22110FA-E94E-4DB8-8ADB-766DE26546F8}
	EndGlobalSection
EndGlobal
